
Microsoft Visual Studio Solution File, Format Version 12.00
# Visual Studio 15
VisualStudioVersion = 15.0.28010.0
MinimumVisualStudioVersion = 10.0.40219.1
Project("{9A19103F-16F7-4668-BE54-9A1E7A4F7556}") = "PoweredSoft.DbUtils.Schema.SqlServer", "PoweredSoft.DbUtils.Schema.SqlServer\PoweredSoft.DbUtils.Schema.SqlServer.csproj", "{ECCD8F30-91FB-40A0-8536-8AC636AF5352}"
EndProject
Project("{9A19103F-16F7-4668-BE54-9A1E7A4F7556}") = "PoweredSoft.DbUtils.Schema.Core", "PoweredSoft.DbUtils.Schema.Core\PoweredSoft.DbUtils.Schema.Core.csproj", "{F28995FD-C833-40A9-B74B-B66079EE836A}"
EndProject
Project("{9A19103F-16F7-4668-BE54-9A1E7A4F7556}") = "PoweredSoft.DbUtils.EF.Generator.SqlServer.EFCore", "PoweredSoft.DbUtils.EF.Generator.SqlServer.EFCore\PoweredSoft.DbUtils.EF.Generator.SqlServer.EFCore.csproj", "{2B30A4DE-769A-4CEA-AADD-252550BADB0D}"
EndProject
Project("{9A19103F-16F7-4668-BE54-9A1E7A4F7556}") = "PoweredSoft.DbUtils.EF.Generator", "PoweredSoft.DbUtils.EF.Generator\PoweredSoft.DbUtils.EF.Generator.csproj", "{8A693570-EDFE-4F96-87BF-F5ECFDEF59B9}"
EndProject
Project("{9A19103F-16F7-4668-BE54-9A1E7A4F7556}") = "PoweredSoft.DbUtils.EF.Generator.Core", "PoweredSoft.DbUtils.EF.Generator.Core\PoweredSoft.DbUtils.EF.Generator.Core.csproj", "{67B3F627-639C-41C3-81DE-D33CCC1BA328}"
EndProject
Project("{9A19103F-16F7-4668-BE54-9A1E7A4F7556}") = "PoweredSoft.DbUtils.EF.Generator.SqlServer", "PoweredSoft.DbUtils.EF.Generator.SqlServer\PoweredSoft.DbUtils.EF.Generator.SqlServer.csproj", "{2748AE45-AE2E-490B-AD87-9D99971CBE61}"
EndProject
Project("{9A19103F-16F7-4668-BE54-9A1E7A4F7556}") = "PoweredSoft.DbUtils.EF.Generator.SqlServer.Core", "PoweredSoft.DbUtils.EF.Generator.SqlServer.Core\PoweredSoft.DbUtils.EF.Generator.SqlServer.Core.csproj", "{DF674EB3-D3D4-4B38-92B5-47ADF692A307}"
EndProject
Project("{9A19103F-16F7-4668-BE54-9A1E7A4F7556}") = "PoweredSoft.DbUtils.EF.Generator.SqlServer.EF6", "PoweredSoft.DbUtils.EF.Generator.SqlServer.EF6\PoweredSoft.DbUtils.EF.Generator.SqlServer.EF6.csproj", "{4D8CACA6-019A-4E4C-AAF2-DC8B23610E73}"
EndProject
Project("{9A19103F-16F7-4668-BE54-9A1E7A4F7556}") = "PoweredSoft.CodeGenerator", "..\CodeGenerator\PoweredSoft.CodeGenerator\PoweredSoft.CodeGenerator.csproj", "{44C9C724-8ED1-4DEE-9E4E-3A639FE0FB54}"
EndProject
Project("{2150E333-8FDC-42A3-9474-1A3956D46DE8}") = "Solution Items", "Solution Items", "{8329CE09-25D6-43A3-8A13-603DFD39C18C}"
	ProjectSection(SolutionItems) = preProject
		LICENSE.md = LICENSE.md
		README.md = README.md
	EndProjectSection
EndProject
Project("{9A19103F-16F7-4668-BE54-9A1E7A4F7556}") = "psdb", "psdb\psdb.csproj", "{202B8A94-C3A0-4BE0-8772-50905E6759A7}"
EndProject
Global
	GlobalSection(SolutionConfigurationPlatforms) = preSolution
		Debug|Any CPU = Debug|Any CPU
		Release|Any CPU = Release|Any CPU
	EndGlobalSection
	GlobalSection(ProjectConfigurationPlatforms) = postSolution
		{ECCD8F30-91FB-40A0-8536-8AC636AF5352}.Debug|Any CPU.ActiveCfg = Debug|Any CPU
		{ECCD8F30-91FB-40A0-8536-8AC636AF5352}.Debug|Any CPU.Build.0 = Debug|Any CPU
		{ECCD8F30-91FB-40A0-8536-8AC636AF5352}.Release|Any CPU.ActiveCfg = Release|Any CPU
		{ECCD8F30-91FB-40A0-8536-8AC636AF5352}.Release|Any CPU.Build.0 = Release|Any CPU
		{F28995FD-C833-40A9-B74B-B66079EE836A}.Debug|Any CPU.ActiveCfg = Debug|Any CPU
		{F28995FD-C833-40A9-B74B-B66079EE836A}.Debug|Any CPU.Build.0 = Debug|Any CPU
		{F28995FD-C833-40A9-B74B-B66079EE836A}.Release|Any CPU.ActiveCfg = Release|Any CPU
		{F28995FD-C833-40A9-B74B-B66079EE836A}.Release|Any CPU.Build.0 = Release|Any CPU
		{2B30A4DE-769A-4CEA-AADD-252550BADB0D}.Debug|Any CPU.ActiveCfg = Debug|Any CPU
		{2B30A4DE-769A-4CEA-AADD-252550BADB0D}.Debug|Any CPU.Build.0 = Debug|Any CPU
		{2B30A4DE-769A-4CEA-AADD-252550BADB0D}.Release|Any CPU.ActiveCfg = Release|Any CPU
		{2B30A4DE-769A-4CEA-AADD-252550BADB0D}.Release|Any CPU.Build.0 = Release|Any CPU
		{8A693570-EDFE-4F96-87BF-F5ECFDEF59B9}.Debug|Any CPU.ActiveCfg = Debug|Any CPU
		{8A693570-EDFE-4F96-87BF-F5ECFDEF59B9}.Debug|Any CPU.Build.0 = Debug|Any CPU
		{8A693570-EDFE-4F96-87BF-F5ECFDEF59B9}.Release|Any CPU.ActiveCfg = Release|Any CPU
		{8A693570-EDFE-4F96-87BF-F5ECFDEF59B9}.Release|Any CPU.Build.0 = Release|Any CPU
		{67B3F627-639C-41C3-81DE-D33CCC1BA328}.Debug|Any CPU.ActiveCfg = Debug|Any CPU
		{67B3F627-639C-41C3-81DE-D33CCC1BA328}.Debug|Any CPU.Build.0 = Debug|Any CPU
		{67B3F627-639C-41C3-81DE-D33CCC1BA328}.Release|Any CPU.ActiveCfg = Release|Any CPU
		{67B3F627-639C-41C3-81DE-D33CCC1BA328}.Release|Any CPU.Build.0 = Release|Any CPU
		{2748AE45-AE2E-490B-AD87-9D99971CBE61}.Debug|Any CPU.ActiveCfg = Debug|Any CPU
		{2748AE45-AE2E-490B-AD87-9D99971CBE61}.Debug|Any CPU.Build.0 = Debug|Any CPU
		{2748AE45-AE2E-490B-AD87-9D99971CBE61}.Release|Any CPU.ActiveCfg = Release|Any CPU
		{2748AE45-AE2E-490B-AD87-9D99971CBE61}.Release|Any CPU.Build.0 = Release|Any CPU
		{DF674EB3-D3D4-4B38-92B5-47ADF692A307}.Debug|Any CPU.ActiveCfg = Debug|Any CPU
		{DF674EB3-D3D4-4B38-92B5-47ADF692A307}.Debug|Any CPU.Build.0 = Debug|Any CPU
		{DF674EB3-D3D4-4B38-92B5-47ADF692A307}.Release|Any CPU.ActiveCfg = Release|Any CPU
		{DF674EB3-D3D4-4B38-92B5-47ADF692A307}.Release|Any CPU.Build.0 = Release|Any CPU
		{4D8CACA6-019A-4E4C-AAF2-DC8B23610E73}.Debug|Any CPU.ActiveCfg = Debug|Any CPU
		{4D8CACA6-019A-4E4C-AAF2-DC8B23610E73}.Debug|Any CPU.Build.0 = Debug|Any CPU
		{4D8CACA6-019A-4E4C-AAF2-DC8B23610E73}.Release|Any CPU.ActiveCfg = Release|Any CPU
		{4D8CACA6-019A-4E4C-AAF2-DC8B23610E73}.Release|Any CPU.Build.0 = Release|Any CPU
		{44C9C724-8ED1-4DEE-9E4E-3A639FE0FB54}.Debug|Any CPU.ActiveCfg = Debug|Any CPU
		{44C9C724-8ED1-4DEE-9E4E-3A639FE0FB54}.Debug|Any CPU.Build.0 = Debug|Any CPU
		{44C9C724-8ED1-4DEE-9E4E-3A639FE0FB54}.Release|Any CPU.ActiveCfg = Release|Any CPU
		{44C9C724-8ED1-4DEE-9E4E-3A639FE0FB54}.Release|Any CPU.Build.0 = Release|Any CPU
		{202B8A94-C3A0-4BE0-8772-50905E6759A7}.Debug|Any CPU.ActiveCfg = Debug|Any CPU
		{202B8A94-C3A0-4BE0-8772-50905E6759A7}.Debug|Any CPU.Build.0 = Debug|Any CPU
		{202B8A94-C3A0-4BE0-8772-50905E6759A7}.Release|Any CPU.ActiveCfg = Release|Any CPU
		{202B8A94-C3A0-4BE0-8772-50905E6759A7}.Release|Any CPU.Build.0 = Release|Any CPU
	EndGlobalSection
	GlobalSection(SolutionProperties) = preSolution
		HideSolutionNode = FALSE
	EndGlobalSection
	GlobalSection(ExtensibilityGlobals) = postSolution
		SolutionGuid = {35EC383D-178E-44B3-835F-A95C1078DCE1}
	EndGlobalSection
EndGlobal
